
Microsoft Visual Studio Solution File, Format Version 12.00
# Visual Studio 15
VisualStudioVersion = 15.0.27703.2026
MinimumVisualStudioVersion = 10.0.40219.1
Project("{FAE04EC0-301F-11D3-BF4B-00C04F79EFBC}") = "NoughtsAndCrosses", "NoughtsAndCrosses\NoughtsAndCrosses.csproj", "{56306A58-2D10-4274-8D12-FA0BA8167F04}"
EndProject
Global
	GlobalSection(SolutionConfigurationPlatforms) = preSolution
		Debug|Any CPU = Debug|Any CPU
		Release|Any CPU = Release|Any CPU
	EndGlobalSection
	GlobalSection(ProjectConfigurationPlatforms) = postSolution
		{56306A58-2D10-4274-8D12-FA0BA8167F04}.Debug|Any CPU.ActiveCfg = Debug|Any CPU
		{56306A58-2D10-4274-8D12-FA0BA8167F04}.Debug|Any CPU.Build.0 = Debug|Any CPU
		{56306A58-2D10-4274-8D12-FA0BA8167F04}.Release|Any CPU.ActiveCfg = Release|Any CPU
		{56306A58-2D10-4274-8D12-FA0BA8167F04}.Release|Any CPU.Build.0 = Release|Any CPU
	EndGlobalSection
	GlobalSection(SolutionProperties) = preSolution
		HideSolutionNode = FALSE
	EndGlobalSection
	GlobalSection(ExtensibilityGlobals) = postSolution
		SolutionGuid = {FA7338A7-65AE-4815-B718-018909B07CE7}
	EndGlobalSection
EndGlobal
